<?xml version="1.0" encoding="utf-8"?>
<Project ToolsVersion="15.0" xmlns="http://schemas.microsoft.com/developer/msbuild/2003">
  <ItemGroup>
    <Filter Include="Source">
      <UniqueIdentifier>{3D3CCCF2-6422-4CAF-ADEF-F2EA6EA285E9}</UniqueIdentifier>
    </Filter>
    <Filter Include="Config">
      <UniqueIdentifier>{E36FE52B-9052-4235-8E33-5FEDB088FBD2}</UniqueIdentifier>
    </Filter>
    <Filter Include="Source\MultiplayerLobby">
      <UniqueIdentifier>{C18DE39C-A286-4C4A-A24A-CE3B54228B3D}</UniqueIdentifier>
    </Filter>
    <Filter Include="Source\MultiplayerLobby\Spells">
      <UniqueIdentifier>{FCB33777-C059-4883-A9A7-0489B0BD79BA}</UniqueIdentifier>
    </Filter>
    <None Include="..\MultiplayerLobby.uproject" />
    <None Include="..\Source\MultiplayerLobby.Target.cs" />
    <None Include="..\Source\MultiplayerLobbyEditor.Target.cs" />
    <None Include="..\.gitignore" />
    <None Include="..\Config.zip" />
    <None Include="..\Config\DefaultEditor.ini" />
    <None Include="..\Config\DefaultEditorPerProjectUserSettings.ini" />
    <None Include="..\Config\DefaultEngine.ini" />
    <None Include="..\Config\DefaultGame.ini" />
    <None Include="..\Config\DefaultInput.ini" />
    <None Include="..\Source\MultiplayerLobby\MultiplayerLobby.Build.cs" />
  </ItemGroup>
  <ItemGroup>
    <ClInclude Include="..\Source\MultiplayerLobby\CharacterPawn.h" />
    <ClInclude Include="..\Source\MultiplayerLobby\GunGameState.h" />
    <ClInclude Include="..\Source\MultiplayerLobby\SSGameModeBase.h" />
    <ClInclude Include="..\Source\MultiplayerLobby\MultiplayerLobby.h" />
    <ClInclude Include="..\Source\MultiplayerLobby\MyClass.h" />
    <ClInclude Include="..\Source\MultiplayerLobby\Spells\ExplosionProperties.h" />
    <ClInclude Include="..\Source\MultiplayerLobby\SSPlayerState.h" />
    <ClInclude Include="..\Source\MultiplayerLobby\TestProjectile.h" />
    <ClInclude Include="..\Source\MultiplayerLobby\TPCharacter.h" />
    <ClInclude Include="..\Source\MultiplayerLobby\Spells\Explosion.h" />
    <ClInclude Include="..\Source\MultiplayerLobby\Spells\MagicMissile.h" />
    <ClInclude Include="..\Source\MultiplayerLobby\Spells\Spell.h" />
    <ClInclude Include="..\Source\MultiplayerLobby\Spells\SpellBook.h" />
    <ClInclude Include="..\Source\MultiplayerLobby\Spells\SpellProperties.h" />
  </ItemGroup>
  <ItemGroup>
    <ClCompile Include="..\Source\MultiplayerLobby\CharacterPawn.cpp" />
    <ClCompile Include="..\Source\MultiplayerLobby\GunGameState.cpp" />
    <ClCompile Include="..\Source\MultiplayerLobby\SSGameModeBase.cpp" />
    <ClCompile Include="..\Source\MultiplayerLobby\MultiplayerLobby.cpp" />
    <ClCompile Include="..\Source\MultiplayerLobby\MyClass.cpp" />
    <ClCompile Include="..\Source\MultiplayerLobby\SSPlayerState.cpp" />
    <ClCompile Include="..\Source\MultiplayerLobby\TestProjectile.cpp" />
    <ClCompile Include="..\Source\MultiplayerLobby\TPCharacter.cpp" />
    <ClCompile Include="..\Source\MultiplayerLobby\Spells\Explosion.cpp" />
    <ClCompile Include="..\Source\MultiplayerLobby\Spells\MagicMissile.cpp" />
    <ClCompile Include="..\Source\MultiplayerLobby\Spells\Spell.cpp" />
    <ClCompile Include="..\Source\MultiplayerLobby\Spells\SpellBook.cpp" />
  </ItemGroup>
</Project>